
Microsoft Visual Studio Solution File, Format Version 12.00
# Visual Studio Version 17
VisualStudioVersion = 17.7.34009.444
MinimumVisualStudioVersion = 10.0.40219.1
Project("{FAE04EC0-301F-11D3-BF4B-00C04F79EFBC}") = "WinIni", "WinIni\WinIni.csproj", "{BB52E22D-5944-4AB7-8C7F-18DF29BE0CE6}"
EndProject
Global
	GlobalSection(SolutionConfigurationPlatforms) = preSolution
		Debug|Any CPU = Debug|Any CPU
		Release|Any CPU = Release|Any CPU
	EndGlobalSection
	GlobalSection(ProjectConfigurationPlatforms) = postSolution
		{BB52E22D-5944-4AB7-8C7F-18DF29BE0CE6}.Debug|Any CPU.ActiveCfg = Debug|Any CPU
		{BB52E22D-5944-4AB7-8C7F-18DF29BE0CE6}.Debug|Any CPU.Build.0 = Debug|Any CPU
		{BB52E22D-5944-4AB7-8C7F-18DF29BE0CE6}.Release|Any CPU.ActiveCfg = Release|Any CPU
		{BB52E22D-5944-4AB7-8C7F-18DF29BE0CE6}.Release|Any CPU.Build.0 = Release|Any CPU
	EndGlobalSection
	GlobalSection(SolutionProperties) = preSolution
		HideSolutionNode = FALSE
	EndGlobalSection
	GlobalSection(ExtensibilityGlobals) = postSolution
		SolutionGuid = {2043AC19-AB53-4889-A5A1-1A99355FEA94}
	EndGlobalSection
EndGlobal
